# This file is automatically @generated by Cargo.
# It is not intended for manual editing.
version = 4

[[package]]
name = "pigloros-compatibility-prototype"
version = "0.1.0"
dependencies = [
 "wit-bindgen",
]

[[package]]
name = "wit-bindgen"
version = "0.61.1"
source = "registry+https://github.com/rust-lang/crates.io-index"
checksum = "e473fd0095479f9689ac7d2a52c427cc96bb2b973ace50238dfcc1ab1cd52d93"
